// !$*UTF8*$!
{
	archiveVersion = 1;
	classes = {
	};
	objectVersion = 50;
	objects = {

/* Begin PBXBuildFile section */
		53649CB8212AF25300A9FE24 /* PrizeBoardView.swift in Sources */ = {isa = PBXBuildFile; fileRef = 53649CB7212AF25300A9FE24 /* PrizeBoardView.swift */; };
		53649CBB212AF65E00A9FE24 /* Lottery.swift in Sources */ = {isa = PBXBuildFile; fileRef = 53649CBA212AF65E00A9FE24 /* Lottery.swift */; };
		53AF0FE921276A9F00D12662 /* HeaderView.swift in Sources */ = {isa = PBXBuildFile; fileRef = 53AF0FE821276A9F00D12662 /* HeaderView.swift */; };
		53E0FE5621260ED200B4B01B /* AppDelegate.swift in Sources */ = {isa = PBXBuildFile; fileRef = 53E0FE5521260ED200B4B01B /* AppDelegate.swift */; };
		53E0FE5821260ED200B4B01B /* ViewController.swift in Sources */ = {isa = PBXBuildFile; fileRef = 53E0FE5721260ED200B4B01B /* ViewController.swift */; };
		53E0FE5D21260ED300B4B01B /* Assets.xcassets in Resources */ = {isa = PBXBuildFile; fileRef = 53E0FE5C21260ED300B4B01B /* Assets.xcassets */; };
		53E0FE6021260ED300B4B01B /* LaunchScreen.storyboard in Resources */ = {isa = PBXBuildFile; fileRef = 53E0FE5E21260ED300B4B01B /* LaunchScreen.storyboard */; };
		53E0FE6B21260ED300B4B01B /* TotoShowTests.swift in Sources */ = {isa = PBXBuildFile; fileRef = 53E0FE6A21260ED300B4B01B /* TotoShowTests.swift */; };
		53E0FE7621260ED300B4B01B /* TotoShowUITests.swift in Sources */ = {isa = PBXBuildFile; fileRef = 53E0FE7521260ED300B4B01B /* TotoShowUITests.swift */; };
		53F8F23A2126EC6F00442CBE /* TotoShowViewController.swift in Sources */ = {isa = PBXBuildFile; fileRef = 53F8F2382126EC6F00442CBE /* TotoShowViewController.swift */; };
		53F8F2412126FD3D00442CBE /* NumberCollectionViewCell.swift in Sources */ = {isa = PBXBuildFile; fileRef = 53F8F23F2126FD3D00442CBE /* NumberCollectionViewCell.swift */; };
		53F8F2422126FD3D00442CBE /* NumberCollectionViewCell.xib in Resources */ = {isa = PBXBuildFile; fileRef = 53F8F2402126FD3D00442CBE /* NumberCollectionViewCell.xib */; };
		53F8F2452126FDAD00442CBE /* ViewProtocols.swift in Sources */ = {isa = PBXBuildFile; fileRef = 53F8F2442126FDAD00442CBE /* ViewProtocols.swift */; };
		53F8F2482126FE7800442CBE /* LotteryHeaderView.swift in Sources */ = {isa = PBXBuildFile; fileRef = 53F8F2462126FE7800442CBE /* LotteryHeaderView.swift */; };
		53F8F2492126FE7800442CBE /* LotteryHeaderView.xib in Resources */ = {isa = PBXBuildFile; fileRef = 53F8F2472126FE7800442CBE /* LotteryHeaderView.xib */; };
		53F8F24D21270AD800442CBE /* numbers.json in Resources */ = {isa = PBXBuildFile; fileRef = 53F8F24C21270AD800442CBE /* numbers.json */; };
		53F8F24E21271A0600442CBE /* TotoShowViewController.xib in Resources */ = {isa = PBXBuildFile; fileRef = 53F8F2392126EC6F00442CBE /* TotoShowViewController.xib */; };
		DA62E3E4212B98B80027B962 /* TotoLotteryDelegate.swift in Sources */ = {isa = PBXBuildFile; fileRef = DA62E3E3212B98B80027B962 /* TotoLotteryDelegate.swift */; };
		DA84FD6E212AF836006C8CF0 /* Card.swift in Sources */ = {isa = PBXBuildFile; fileRef = DA84FD6D212AF836006C8CF0 /* Card.swift */; };
		DA84FD70212B472E006C8CF0 /* TotoShowModel.swift in Sources */ = {isa = PBXBuildFile; fileRef = DA84FD6F212B472E006C8CF0 /* TotoShowModel.swift */; };
/* End PBXBuildFile section */

/* Begin PBXContainerItemProxy section */
		53E0FE6721260ED300B4B01B /* PBXContainerItemProxy */ = {
			isa = PBXContainerItemProxy;
			containerPortal = 53E0FE4A21260ED200B4B01B /* Project object */;
			proxyType = 1;
			remoteGlobalIDString = 53E0FE5121260ED200B4B01B;
			remoteInfo = TotoShow;
		};
		53E0FE7221260ED300B4B01B /* PBXContainerItemProxy */ = {
			isa = PBXContainerItemProxy;
			containerPortal = 53E0FE4A21260ED200B4B01B /* Project object */;
			proxyType = 1;
			remoteGlobalIDString = 53E0FE5121260ED200B4B01B;
			remoteInfo = TotoShow;
		};
/* End PBXContainerItemProxy section */

/* Begin PBXFileReference section */
		53649CB7212AF25300A9FE24 /* PrizeBoardView.swift */ = {isa = PBXFileReference; lastKnownFileType = sourcecode.swift; path = PrizeBoardView.swift; sourceTree = "<group>"; };
		53649CBA212AF65E00A9FE24 /* Lottery.swift */ = {isa = PBXFileReference; lastKnownFileType = sourcecode.swift; path = Lottery.swift; sourceTree = "<group>"; };
		53AF0FE821276A9F00D12662 /* HeaderView.swift */ = {isa = PBXFileReference; lastKnownFileType = sourcecode.swift; path = HeaderView.swift; sourceTree = "<group>"; };
		53E0FE5221260ED200B4B01B /* TotoShow.app */ = {isa = PBXFileReference; explicitFileType = wrapper.application; includeInIndex = 0; path = TotoShow.app; sourceTree = BUILT_PRODUCTS_DIR; };
		53E0FE5521260ED200B4B01B /* AppDelegate.swift */ = {isa = PBXFileReference; lastKnownFileType = sourcecode.swift; path = AppDelegate.swift; sourceTree = "<group>"; };
		53E0FE5721260ED200B4B01B /* ViewController.swift */ = {isa = PBXFileReference; lastKnownFileType = sourcecode.swift; path = ViewController.swift; sourceTree = "<group>"; };
		53E0FE5C21260ED300B4B01B /* Assets.xcassets */ = {isa = PBXFileReference; lastKnownFileType = folder.assetcatalog; path = Assets.xcassets; sourceTree = "<group>"; };
		53E0FE5F21260ED300B4B01B /* Base */ = {isa = PBXFileReference; lastKnownFileType = file.storyboard; name = Base; path = Base.lproj/LaunchScreen.storyboard; sourceTree = "<group>"; };
		53E0FE6121260ED300B4B01B /* Info.plist */ = {isa = PBXFileReference; lastKnownFileType = text.plist.xml; path = Info.plist; sourceTree = "<group>"; };
		53E0FE6621260ED300B4B01B /* TotoShowTests.xctest */ = {isa = PBXFileReference; explicitFileType = wrapper.cfbundle; includeInIndex = 0; path = TotoShowTests.xctest; sourceTree = BUILT_PRODUCTS_DIR; };
		53E0FE6A21260ED300B4B01B /* TotoShowTests.swift */ = {isa = PBXFileReference; lastKnownFileType = sourcecode.swift; path = TotoShowTests.swift; sourceTree = "<group>"; };
		53E0FE6C21260ED300B4B01B /* Info.plist */ = {isa = PBXFileReference; lastKnownFileType = text.plist.xml; path = Info.plist; sourceTree = "<group>"; };
		53E0FE7121260ED300B4B01B /* TotoShowUITests.xctest */ = {isa = PBXFileReference; explicitFileType = wrapper.cfbundle; includeInIndex = 0; path = TotoShowUITests.xctest; sourceTree = BUILT_PRODUCTS_DIR; };
		53E0FE7521260ED300B4B01B /* TotoShowUITests.swift */ = {isa = PBXFileReference; lastKnownFileType = sourcecode.swift; path = TotoShowUITests.swift; sourceTree = "<group>"; };
		53E0FE7721260ED300B4B01B /* Info.plist */ = {isa = PBXFileReference; lastKnownFileType = text.plist.xml; path = Info.plist; sourceTree = "<group>"; };
		53F8F2382126EC6F00442CBE /* TotoShowViewController.swift */ = {isa = PBXFileReference; lastKnownFileType = sourcecode.swift; path = TotoShowViewController.swift; sourceTree = "<group>"; };
		53F8F2392126EC6F00442CBE /* TotoShowViewController.xib */ = {isa = PBXFileReference; lastKnownFileType = file.xib; path = TotoShowViewController.xib; sourceTree = "<group>"; };
		53F8F23F2126FD3D00442CBE /* NumberCollectionViewCell.swift */ = {isa = PBXFileReference; lastKnownFileType = sourcecode.swift; path = NumberCollectionViewCell.swift; sourceTree = "<group>"; };
		53F8F2402126FD3D00442CBE /* NumberCollectionViewCell.xib */ = {isa = PBXFileReference; lastKnownFileType = file.xib; path = NumberCollectionViewCell.xib; sourceTree = "<group>"; };
		53F8F2442126FDAD00442CBE /* ViewProtocols.swift */ = {isa = PBXFileReference; fileEncoding = 4; lastKnownFileType = sourcecode.swift; path = ViewProtocols.swift; sourceTree = "<group>"; };
		53F8F2462126FE7800442CBE /* LotteryHeaderView.swift */ = {isa = PBXFileReference; lastKnownFileType = sourcecode.swift; path = LotteryHeaderView.swift; sourceTree = "<group>"; };
		53F8F2472126FE7800442CBE /* LotteryHeaderView.xib */ = {isa = PBXFileReference; lastKnownFileType = file.xib; path = LotteryHeaderView.xib; sourceTree = "<group>"; };
		53F8F24C21270AD800442CBE /* numbers.json */ = {isa = PBXFileReference; fileEncoding = 4; lastKnownFileType = text.json; path = numbers.json; sourceTree = "<group>"; };
		DA62E3E3212B98B80027B962 /* TotoLotteryDelegate.swift */ = {isa = PBXFileReference; lastKnownFileType = sourcecode.swift; path = TotoLotteryDelegate.swift; sourceTree = "<group>"; };
		DA84FD6D212AF836006C8CF0 /* Card.swift */ = {isa = PBXFileReference; lastKnownFileType = sourcecode.swift; path = Card.swift; sourceTree = "<group>"; };
		DA84FD6F212B472E006C8CF0 /* TotoShowModel.swift */ = {isa = PBXFileReference; lastKnownFileType = sourcecode.swift; path = TotoShowModel.swift; sourceTree = "<group>"; };
/* End PBXFileReference section */

/* Begin PBXFrameworksBuildPhase section */
		53E0FE4F21260ED200B4B01B /* Frameworks */ = {
			isa = PBXFrameworksBuildPhase;
			buildActionMask = 2147483647;
			files = (
			);
			runOnlyForDeploymentPostprocessing = 0;
		};
		53E0FE6321260ED300B4B01B /* Frameworks */ = {
			isa = PBXFrameworksBuildPhase;
			buildActionMask = 2147483647;
			files = (
			);
			runOnlyForDeploymentPostprocessing = 0;
		};
		53E0FE6E21260ED300B4B01B /* Frameworks */ = {
			isa = PBXFrameworksBuildPhase;
			buildActionMask = 2147483647;
			files = (
			);
			runOnlyForDeploymentPostprocessing = 0;
		};
/* End PBXFrameworksBuildPhase section */

/* Begin PBXGroup section */
		53649CB9212AF64200A9FE24 /* Model */ = {
			isa = PBXGroup;
			children = (
				53649CBA212AF65E00A9FE24 /* Lottery.swift */,
				DA84FD6D212AF836006C8CF0 /* Card.swift */,
				DA84FD6F212B472E006C8CF0 /* TotoShowModel.swift */,
				DA62E3E3212B98B80027B962 /* TotoLotteryDelegate.swift */,
			);
			path = Model;
			sourceTree = "<group>";
		};
		53E0FE4921260ED200B4B01B = {
			isa = PBXGroup;
			children = (
				53E0FE5421260ED200B4B01B /* TotoShow */,
				53E0FE6921260ED300B4B01B /* TotoShowTests */,
				53E0FE7421260ED300B4B01B /* TotoShowUITests */,
				53E0FE5321260ED200B4B01B /* Products */,
			);
			sourceTree = "<group>";
		};
		53E0FE5321260ED200B4B01B /* Products */ = {
			isa = PBXGroup;
			children = (
				53E0FE5221260ED200B4B01B /* TotoShow.app */,
				53E0FE6621260ED300B4B01B /* TotoShowTests.xctest */,
				53E0FE7121260ED300B4B01B /* TotoShowUITests.xctest */,
			);
			name = Products;
			sourceTree = "<group>";
		};
		53E0FE5421260ED200B4B01B /* TotoShow */ = {
			isa = PBXGroup;
			children = (
				53F8F2432126FD8D00442CBE /* Protocols */,
				53F8F2362126EC3E00442CBE /* Modules */,
				53E0FE5521260ED200B4B01B /* AppDelegate.swift */,
				53E0FE5721260ED200B4B01B /* ViewController.swift */,
				53E0FE5C21260ED300B4B01B /* Assets.xcassets */,
				53E0FE5E21260ED300B4B01B /* LaunchScreen.storyboard */,
				53E0FE6121260ED300B4B01B /* Info.plist */,
			);
			path = TotoShow;
			sourceTree = "<group>";
		};
		53E0FE6921260ED300B4B01B /* TotoShowTests */ = {
			isa = PBXGroup;
			children = (
				53E0FE6A21260ED300B4B01B /* TotoShowTests.swift */,
				53E0FE6C21260ED300B4B01B /* Info.plist */,
			);
			path = TotoShowTests;
			sourceTree = "<group>";
		};
		53E0FE7421260ED300B4B01B /* TotoShowUITests */ = {
			isa = PBXGroup;
			children = (
				53E0FE7521260ED300B4B01B /* TotoShowUITests.swift */,
				53E0FE7721260ED300B4B01B /* Info.plist */,
			);
			path = TotoShowUITests;
			sourceTree = "<group>";
		};
		53F8F2362126EC3E00442CBE /* Modules */ = {
			isa = PBXGroup;
			children = (
				53F8F24A21270A0500442CBE /* Lottery */,
			);
			path = Modules;
			sourceTree = "<group>";
		};
		53F8F2372126EC5200442CBE /* Controller */ = {
			isa = PBXGroup;
			children = (
				53F8F2382126EC6F00442CBE /* TotoShowViewController.swift */,
				53F8F2392126EC6F00442CBE /* TotoShowViewController.xib */,
			);
			path = Controller;
			sourceTree = "<group>";
		};
		53F8F23E2126ECF200442CBE /* Views */ = {
			isa = PBXGroup;
			children = (
				53F8F23F2126FD3D00442CBE /* NumberCollectionViewCell.swift */,
				53F8F2402126FD3D00442CBE /* NumberCollectionViewCell.xib */,
				53F8F2462126FE7800442CBE /* LotteryHeaderView.swift */,
				53F8F2472126FE7800442CBE /* LotteryHeaderView.xib */,
				53AF0FE821276A9F00D12662 /* HeaderView.swift */,
				53649CB7212AF25300A9FE24 /* PrizeBoardView.swift */,
			);
			path = Views;
			sourceTree = "<group>";
		};
		53F8F2432126FD8D00442CBE /* Protocols */ = {
			isa = PBXGroup;
			children = (
				53F8F2442126FDAD00442CBE /* ViewProtocols.swift */,
			);
			path = Protocols;
			sourceTree = "<group>";
		};
		53F8F24A21270A0500442CBE /* Lottery */ = {
			isa = PBXGroup;
			children = (
				53649CB9212AF64200A9FE24 /* Model */,
				53F8F24B21270A3700442CBE /* Assets */,
				53F8F23E2126ECF200442CBE /* Views */,
				53F8F2372126EC5200442CBE /* Controller */,
			);
			path = Lottery;
			sourceTree = "<group>";
		};
		53F8F24B21270A3700442CBE /* Assets */ = {
			isa = PBXGroup;
			children = (
				53F8F24C21270AD800442CBE /* numbers.json */,
			);
			path = Assets;
			sourceTree = "<group>";
		};
/* End PBXGroup section */

/* Begin PBXNativeTarget section */
		53E0FE5121260ED200B4B01B /* TotoShow */ = {
			isa = PBXNativeTarget;
			buildConfigurationList = 53E0FE7A21260ED300B4B01B /* Build configuration list for PBXNativeTarget "TotoShow" */;
			buildPhases = (
				53E0FE4E21260ED200B4B01B /* Sources */,
				53E0FE4F21260ED200B4B01B /* Frameworks */,
				53E0FE5021260ED200B4B01B /* Resources */,
			);
			buildRules = (
			);
			dependencies = (
			);
			name = TotoShow;
			productName = TotoShow;
			productReference = 53E0FE5221260ED200B4B01B /* TotoShow.app */;
			productType = "com.apple.product-type.application";
		};
		53E0FE6521260ED300B4B01B /* TotoShowTests */ = {
			isa = PBXNativeTarget;
			buildConfigurationList = 53E0FE7D21260ED300B4B01B /* Build configuration list for PBXNativeTarget "TotoShowTests" */;
			buildPhases = (
				53E0FE6221260ED300B4B01B /* Sources */,
				53E0FE6321260ED300B4B01B /* Frameworks */,
				53E0FE6421260ED300B4B01B /* Resources */,
			);
			buildRules = (
			);
			dependencies = (
				53E0FE6821260ED300B4B01B /* PBXTargetDependency */,
			);
			name = TotoShowTests;
			productName = TotoShowTests;
			productReference = 53E0FE6621260ED300B4B01B /* TotoShowTests.xctest */;
			productType = "com.apple.product-type.bundle.unit-test";
		};
		53E0FE7021260ED300B4B01B /* TotoShowUITests */ = {
			isa = PBXNativeTarget;
			buildConfigurationList = 53E0FE8021260ED300B4B01B /* Build configuration list for PBXNativeTarget "TotoShowUITests" */;
			buildPhases = (
				53E0FE6D21260ED300B4B01B /* Sources */,
				53E0FE6E21260ED300B4B01B /* Frameworks */,
				53E0FE6F21260ED300B4B01B /* Resources */,
			);
			buildRules = (
			);
			dependencies = (
				53E0FE7321260ED300B4B01B /* PBXTargetDependency */,
			);
			name = TotoShowUITests;
			productName = TotoShowUITests;
			productReference = 53E0FE7121260ED300B4B01B /* TotoShowUITests.xctest */;
			productType = "com.apple.product-type.bundle.ui-testing";
		};
/* End PBXNativeTarget section */

/* Begin PBXProject section */
		53E0FE4A21260ED200B4B01B /* Project object */ = {
			isa = PBXProject;
			attributes = {
				LastSwiftUpdateCheck = 0940;
				LastUpgradeCheck = 0940;
				ORGANIZATIONNAME = "Davi Cabral";
				TargetAttributes = {
					53E0FE5121260ED200B4B01B = {
						CreatedOnToolsVersion = 9.4.1;
					};
					53E0FE6521260ED300B4B01B = {
						CreatedOnToolsVersion = 9.4.1;
						TestTargetID = 53E0FE5121260ED200B4B01B;
					};
					53E0FE7021260ED300B4B01B = {
						CreatedOnToolsVersion = 9.4.1;
						TestTargetID = 53E0FE5121260ED200B4B01B;
					};
				};
			};
			buildConfigurationList = 53E0FE4D21260ED200B4B01B /* Build configuration list for PBXProject "TotoShow" */;
			compatibilityVersion = "Xcode 9.3";
			developmentRegion = en;
			hasScannedForEncodings = 0;
			knownRegions = (
				en,
				Base,
			);
			mainGroup = 53E0FE4921260ED200B4B01B;
			productRefGroup = 53E0FE5321260ED200B4B01B /* Products */;
			projectDirPath = "";
			projectRoot = "";
			targets = (
				53E0FE5121260ED200B4B01B /* TotoShow */,
				53E0FE6521260ED300B4B01B /* TotoShowTests */,
				53E0FE7021260ED300B4B01B /* TotoShowUITests */,
			);
		};
/* End PBXProject section */

/* Begin PBXResourcesBuildPhase section */
		53E0FE5021260ED200B4B01B /* Resources */ = {
			isa = PBXResourcesBuildPhase;
			buildActionMask = 2147483647;
			files = (
				53E0FE6021260ED300B4B01B /* LaunchScreen.storyboard in Resources */,
				53F8F24E21271A0600442CBE /* TotoShowViewController.xib in Resources */,
				53F8F2492126FE7800442CBE /* LotteryHeaderView.xib in Resources */,
				53F8F24D21270AD800442CBE /* numbers.json in Resources */,
				53E0FE5D21260ED300B4B01B /* Assets.xcassets in Resources */,
				53F8F2422126FD3D00442CBE /* NumberCollectionViewCell.xib in Resources */,
			);
			runOnlyForDeploymentPostprocessing = 0;
		};
		53E0FE6421260ED300B4B01B /* Resources */ = {
			isa = PBXResourcesBuildPhase;
			buildActionMask = 2147483647;
			files = (
			);
			runOnlyForDeploymentPostprocessing = 0;
		};
		53E0FE6F21260ED300B4B01B /* Resources */ = {
			isa = PBXResourcesBuildPhase;
			buildActionMask = 2147483647;
			files = (
			);
			runOnlyForDeploymentPostprocessing = 0;
		};
/* End PBXResourcesBuildPhase section */

/* Begin PBXSourcesBuildPhase section */
		53E0FE4E21260ED200B4B01B /* Sources */ = {
			isa = PBXSourcesBuildPhase;
			buildActionMask = 2147483647;
			files = (
				53F8F23A2126EC6F00442CBE /* TotoShowViewController.swift in Sources */,
				53649CBB212AF65E00A9FE24 /* Lottery.swift in Sources */,
				53F8F2412126FD3D00442CBE /* NumberCollectionViewCell.swift in Sources */,
				53F8F2452126FDAD00442CBE /* ViewProtocols.swift in Sources */,
				53E0FE5821260ED200B4B01B /* ViewController.swift in Sources */,
				53649CB8212AF25300A9FE24 /* PrizeBoardView.swift in Sources */,
				53E0FE5621260ED200B4B01B /* AppDelegate.swift in Sources */,
				DA62E3E4212B98B80027B962 /* TotoLotteryDelegate.swift in Sources */,
				DA84FD6E212AF836006C8CF0 /* Card.swift in Sources */,
				DA84FD70212B472E006C8CF0 /* TotoShowModel.swift in Sources */,
				53F8F2482126FE7800442CBE /* LotteryHeaderView.swift in Sources */,
				53AF0FE921276A9F00D12662 /* HeaderView.swift in Sources */,
			);
			runOnlyForDeploymentPostprocessing = 0;
		};
		53E0FE6221260ED300B4B01B /* Sources */ = {
			isa = PBXSourcesBuildPhase;
			buildActionMask = 2147483647;
			files = (
				53E0FE6B21260ED300B4B01B /* TotoShowTests.swift in Sources */,
			);
			runOnlyForDeploymentPostprocessing = 0;
		};
		53E0FE6D21260ED300B4B01B /* Sources */ = {
			isa = PBXSourcesBuildPhase;
			buildActionMask = 2147483647;
			files = (
				53E0FE7621260ED300B4B01B /* TotoShowUITests.swift in Sources */,
			);
			runOnlyForDeploymentPostprocessing = 0;
		};
/* End PBXSourcesBuildPhase section */

/* Begin PBXTargetDependency section */
		53E0FE6821260ED300B4B01B /* PBXTargetDependency */ = {
			isa = PBXTargetDependency;
			target = 53E0FE5121260ED200B4B01B /* TotoShow */;
			targetProxy = 53E0FE6721260ED300B4B01B /* PBXContainerItemProxy */;
		};
		53E0FE7321260ED300B4B01B /* PBXTargetDependency */ = {
			isa = PBXTargetDependency;
			target = 53E0FE5121260ED200B4B01B /* TotoShow */;
			targetProxy = 53E0FE7221260ED300B4B01B /* PBXContainerItemProxy */;
		};
/* End PBXTargetDependency section */

/* Begin PBXVariantGroup section */
		53E0FE5E21260ED300B4B01B /* LaunchScreen.storyboard */ = {
			isa = PBXVariantGroup;
			children = (
				53E0FE5F21260ED300B4B01B /* Base */,
			);
			name = LaunchScreen.storyboard;
			sourceTree = "<group>";
		};
/* End PBXVariantGroup section */

/* Begin XCBuildConfiguration section */
		53E0FE7821260ED300B4B01B /* Debug */ = {
			isa = XCBuildConfiguration;
			buildSettings = {
				ALWAYS_SEARCH_USER_PATHS = NO;
				CLANG_ANALYZER_NONNULL = YES;
				CLANG_ANALYZER_NUMBER_OBJECT_CONVERSION = YES_AGGRESSIVE;
				CLANG_CXX_LANGUAGE_STANDARD = "gnu++14";
				CLANG_CXX_LIBRARY = "libc++";
				CLANG_ENABLE_MODULES = YES;
				CLANG_ENABLE_OBJC_ARC = YES;
				CLANG_ENABLE_OBJC_WEAK = YES;
				CLANG_WARN_BLOCK_CAPTURE_AUTORELEASING = YES;
				CLANG_WARN_BOOL_CONVERSION = YES;
				CLANG_WARN_COMMA = YES;
				CLANG_WARN_CONSTANT_CONVERSION = YES;
				CLANG_WARN_DEPRECATED_OBJC_IMPLEMENTATIONS = YES;
				CLANG_WARN_DIRECT_OBJC_ISA_USAGE = YES_ERROR;
				CLANG_WARN_DOCUMENTATION_COMMENTS = YES;
				CLANG_WARN_EMPTY_BODY = YES;
				CLANG_WARN_ENUM_CONVERSION = YES;
				CLANG_WARN_INFINITE_RECURSION = YES;
				CLANG_WARN_INT_CONVERSION = YES;
				CLANG_WARN_NON_LITERAL_NULL_CONVERSION = YES;
				CLANG_WARN_OBJC_IMPLICIT_RETAIN_SELF = YES;
				CLANG_WARN_OBJC_LITERAL_CONVERSION = YES;
				CLANG_WARN_OBJC_ROOT_CLASS = YES_ERROR;
				CLANG_WARN_RANGE_LOOP_ANALYSIS = YES;
				CLANG_WARN_STRICT_PROTOTYPES = YES;
				CLANG_WARN_SUSPICIOUS_MOVE = YES;
				CLANG_WARN_UNGUARDED_AVAILABILITY = YES_AGGRESSIVE;
				CLANG_WARN_UNREACHABLE_CODE = YES;
				CLANG_WARN__DUPLICATE_METHOD_MATCH = YES;
				CODE_SIGN_IDENTITY = "iPhone Developer";
				COPY_PHASE_STRIP = NO;
				DEBUG_INFORMATION_FORMAT = dwarf;
				ENABLE_STRICT_OBJC_MSGSEND = YES;
				ENABLE_TESTABILITY = YES;
				GCC_C_LANGUAGE_STANDARD = gnu11;
				GCC_DYNAMIC_NO_PIC = NO;
				GCC_NO_COMMON_BLOCKS = YES;
				GCC_OPTIMIZATION_LEVEL = 0;
				GCC_PREPROCESSOR_DEFINITIONS = (
					"DEBUG=1",
					"$(inherited)",
				);
				GCC_WARN_64_TO_32_BIT_CONVERSION = YES;
				GCC_WARN_ABOUT_RETURN_TYPE = YES_ERROR;
				GCC_WARN_UNDECLARED_SELECTOR = YES;
				GCC_WARN_UNINITIALIZED_AUTOS = YES_AGGRESSIVE;
				GCC_WARN_UNUSED_FUNCTION = YES;
				GCC_WARN_UNUSED_VARIABLE = YES;
				IPHONEOS_DEPLOYMENT_TARGET = 11.4;
				MTL_ENABLE_DEBUG_INFO = YES;
				ONLY_ACTIVE_ARCH = YES;
				SDKROOT = iphoneos;
				SWIFT_ACTIVE_COMPILATION_CONDITIONS = DEBUG;
				SWIFT_OPTIMIZATION_LEVEL = "-Onone";
			};
			name = Debug;
		};
		53E0FE7921260ED300B4B01B /* Release */ = {
			isa = XCBuildConfiguration;
			buildSettings = {
				ALWAYS_SEARCH_USER_PATHS = NO;
				CLANG_ANALYZER_NONNULL = YES;
				CLANG_ANALYZER_NUMBER_OBJECT_CONVERSION = YES_AGGRESSIVE;
				CLANG_CXX_LANGUAGE_STANDARD = "gnu++14";
				CLANG_CXX_LIBRARY = "libc++";
				CLANG_ENABLE_MODULES = YES;
				CLANG_ENABLE_OBJC_ARC = YES;
				CLANG_ENABLE_OBJC_WEAK = YES;
				CLANG_WARN_BLOCK_CAPTURE_AUTORELEASING = YES;
				CLANG_WARN_BOOL_CONVERSION = YES;
				CLANG_WARN_COMMA = YES;
				CLANG_WARN_CONSTANT_CONVERSION = YES;
				CLANG_WARN_DEPRECATED_OBJC_IMPLEMENTATIONS = YES;
				CLANG_WARN_DIRECT_OBJC_ISA_USAGE = YES_ERROR;
				CLANG_WARN_DOCUMENTATION_COMMENTS = YES;
				CLANG_WARN_EMPTY_BODY = YES;
				CLANG_WARN_ENUM_CONVERSION = YES;
				CLANG_WARN_INFINITE_RECURSION = YES;
				CLANG_WARN_INT_CONVERSION = YES;
				CLANG_WARN_NON_LITERAL_NULL_CONVERSION = YES;
				CLANG_WARN_OBJC_IMPLICIT_RETAIN_SELF = YES;
				CLANG_WARN_OBJC_LITERAL_CONVERSION = YES;
				CLANG_WARN_OBJC_ROOT_CLASS = YES_ERROR;
				CLANG_WARN_RANGE_LOOP_ANALYSIS = YES;
				CLANG_WARN_STRICT_PROTOTYPES = YES;
				CLANG_WARN_SUSPICIOUS_MOVE = YES;
				CLANG_WARN_UNGUARDED_AVAILABILITY = YES_AGGRESSIVE;
				CLANG_WARN_UNREACHABLE_CODE = YES;
				CLANG_WARN__DUPLICATE_METHOD_MATCH = YES;
				CODE_SIGN_IDENTITY = "iPhone Developer";
				COPY_PHASE_STRIP = NO;
				DEBUG_INFORMATION_FORMAT = "dwarf-with-dsym";
				ENABLE_NS_ASSERTIONS = NO;
				ENABLE_STRICT_OBJC_MSGSEND = YES;
				GCC_C_LANGUAGE_STANDARD = gnu11;
				GCC_NO_COMMON_BLOCKS = YES;
				GCC_WARN_64_TO_32_BIT_CONVERSION = YES;
				GCC_WARN_ABOUT_RETURN_TYPE = YES_ERROR;
				GCC_WARN_UNDECLARED_SELECTOR = YES;
				GCC_WARN_UNINITIALIZED_AUTOS = YES_AGGRESSIVE;
				GCC_WARN_UNUSED_FUNCTION = YES;
				GCC_WARN_UNUSED_VARIABLE = YES;
				IPHONEOS_DEPLOYMENT_TARGET = 11.4;
				MTL_ENABLE_DEBUG_INFO = NO;
				SDKROOT = iphoneos;
				SWIFT_COMPILATION_MODE = wholemodule;
				SWIFT_OPTIMIZATION_LEVEL = "-O";
				VALIDATE_PRODUCT = YES;
			};
			name = Release;
		};
		53E0FE7B21260ED300B4B01B /* Debug */ = {
			isa = XCBuildConfiguration;
			buildSettings = {
				ASSETCATALOG_COMPILER_APPICON_NAME = AppIcon;
				CODE_SIGN_STYLE = Automatic;
				DEVELOPMENT_TEAM = 83XT2J75S2;
				INFOPLIST_FILE = TotoShow/Info.plist;
				LD_RUNPATH_SEARCH_PATHS = (
					"$(inherited)",
					"@executable_path/Frameworks",
				);
				PRODUCT_BUNDLE_IDENTIFIER = com.ifce.developerAcademy.TotoShow;
				PRODUCT_NAME = "$(TARGET_NAME)";
				SWIFT_VERSION = 4.0;
				TARGETED_DEVICE_FAMILY = "1,2";
			};
			name = Debug;
		};
		53E0FE7C21260ED300B4B01B /* Release */ = {
			isa = XCBuildConfiguration;
			buildSettings = {
				ASSETCATALOG_COMPILER_APPICON_NAME = AppIcon;
				CODE_SIGN_STYLE = Automatic;
				DEVELOPMENT_TEAM = 83XT2J75S2;
				INFOPLIST_FILE = TotoShow/Info.plist;
				LD_RUNPATH_SEARCH_PATHS = (
					"$(inherited)",
					"@executable_path/Frameworks",
				);
				PRODUCT_BUNDLE_IDENTIFIER = com.ifce.developerAcademy.TotoShow;
				PRODUCT_NAME = "$(TARGET_NAME)";
				SWIFT_VERSION = 4.0;
				TARGETED_DEVICE_FAMILY = "1,2";
			};
			name = Release;
		};
		53E0FE7E21260ED300B4B01B /* Debug */ = {
			isa = XCBuildConfiguration;
			buildSettings = {
				ALWAYS_EMBED_SWIFT_STANDARD_LIBRARIES = YES;
				BUNDLE_LOADER = "$(TEST_HOST)";
				CODE_SIGN_STYLE = Automatic;
				DEVELOPMENT_TEAM = 83XT2J75S2;
				INFOPLIST_FILE = TotoShowTests/Info.plist;
				LD_RUNPATH_SEARCH_PATHS = (
					"$(inherited)",
					"@executable_path/Frameworks",
					"@loader_path/Frameworks",
				);
				PRODUCT_BUNDLE_IDENTIFIER = com.ifce.developerAcademy.TotoShowTests;
				PRODUCT_NAME = "$(TARGET_NAME)";
				SWIFT_VERSION = 4.0;
				TARGETED_DEVICE_FAMILY = "1,2";
				TEST_HOST = "$(BUILT_PRODUCTS_DIR)/TotoShow.app/TotoShow";
			};
			name = Debug;
		};
		53E0FE7F21260ED300B4B01B /* Release */ = {
			isa = XCBuildConfiguration;
			buildSettings = {
				ALWAYS_EMBED_SWIFT_STANDARD_LIBRARIES = YES;
				BUNDLE_LOADER = "$(TEST_HOST)";
				CODE_SIGN_STYLE = Automatic;
				DEVELOPMENT_TEAM = 83XT2J75S2;
				INFOPLIST_FILE = TotoShowTests/Info.plist;
				LD_RUNPATH_SEARCH_PATHS = (
					"$(inherited)",
					"@executable_path/Frameworks",
					"@loader_path/Frameworks",
				);
				PRODUCT_BUNDLE_IDENTIFIER = com.ifce.developerAcademy.TotoShowTests;
				PRODUCT_NAME = "$(TARGET_NAME)";
				SWIFT_VERSION = 4.0;
				TARGETED_DEVICE_FAMILY = "1,2";
				TEST_HOST = "$(BUILT_PRODUCTS_DIR)/TotoShow.app/TotoShow";
			};
			name = Release;
		};
		53E0FE8121260ED300B4B01B /* Debug */ = {
			isa = XCBuildConfiguration;
			buildSettings = {
				ALWAYS_EMBED_SWIFT_STANDARD_LIBRARIES = YES;
				CODE_SIGN_STYLE = Automatic;
				DEVELOPMENT_TEAM = 83XT2J75S2;
				INFOPLIST_FILE = TotoShowUITests/Info.plist;
				LD_RUNPATH_SEARCH_PATHS = (
					"$(inherited)",
					"@executable_path/Frameworks",
					"@loader_path/Frameworks",
				);
				PRODUCT_BUNDLE_IDENTIFIER = com.ifce.developerAcademy.TotoShowUITests;
				PRODUCT_NAME = "$(TARGET_NAME)";
				SWIFT_VERSION = 4.0;
				TARGETED_DEVICE_FAMILY = "1,2";
				TEST_TARGET_NAME = TotoShow;
			};
			name = Debug;
		};
		53E0FE8221260ED300B4B01B /* Release */ = {
			isa = XCBuildConfiguration;
			buildSettings = {
				ALWAYS_EMBED_SWIFT_STANDARD_LIBRARIES = YES;
				CODE_SIGN_STYLE = Automatic;
				DEVELOPMENT_TEAM = 83XT2J75S2;
				INFOPLIST_FILE = TotoShowUITests/Info.plist;
				LD_RUNPATH_SEARCH_PATHS = (
					"$(inherited)",
					"@executable_path/Frameworks",
					"@loader_path/Frameworks",
				);
				PRODUCT_BUNDLE_IDENTIFIER = com.ifce.developerAcademy.TotoShowUITests;
				PRODUCT_NAME = "$(TARGET_NAME)";
				SWIFT_VERSION = 4.0;
				TARGETED_DEVICE_FAMILY = "1,2";
				TEST_TARGET_NAME = TotoShow;
			};
			name = Release;
		};
/* End XCBuildConfiguration section */

/* Begin XCConfigurationList section */
		53E0FE4D21260ED200B4B01B /* Build configuration list for PBXProject "TotoShow" */ = {
			isa = XCConfigurationList;
			buildConfigurations = (
				53E0FE7821260ED300B4B01B /* Debug */,
				53E0FE7921260ED300B4B01B /* Release */,
			);
			defaultConfigurationIsVisible = 0;
			defaultConfigurationName = Release;
		};
		53E0FE7A21260ED300B4B01B /* Build configuration list for PBXNativeTarget "TotoShow" */ = {
			isa = XCConfigurationList;
			buildConfigurations = (
				53E0FE7B21260ED300B4B01B /* Debug */,
				53E0FE7C21260ED300B4B01B /* Release */,
			);
			defaultConfigurationIsVisible = 0;
			defaultConfigurationName = Release;
		};
		53E0FE7D21260ED300B4B01B /* Build configuration list for PBXNativeTarget "TotoShowTests" */ = {
			isa = XCConfigurationList;
			buildConfigurations = (
				53E0FE7E21260ED300B4B01B /* Debug */,
				53E0FE7F21260ED300B4B01B /* Release */,
			);
			defaultConfigurationIsVisible = 0;
			defaultConfigurationName = Release;
		};
		53E0FE8021260ED300B4B01B /* Build configuration list for PBXNativeTarget "TotoShowUITests" */ = {
			isa = XCConfigurationList;
			buildConfigurations = (
				53E0FE8121260ED300B4B01B /* Debug */,
				53E0FE8221260ED300B4B01B /* Release */,
			);
			defaultConfigurationIsVisible = 0;
			defaultConfigurationName = Release;
		};
/* End XCConfigurationList section */
	};
	rootObject = 53E0FE4A21260ED200B4B01B /* Project object */;
}
